<?xml version="1.0" encoding="utf-8"?>
<Project ToolsVersion="4.0" xmlns="http://schemas.microsoft.com/developer/msbuild/2003">
  <ItemGroup>
    <Filter Include="Source Files">
      <UniqueIdentifier>{4FC737F1-C7A5-4376-A066-2A32D752A2FF}</UniqueIdentifier>
      <Extensions>cpp;c;cc;cxx;def;odl;idl;hpj;bat;asm;asmx</Extensions>
    </Filter>
    <Filter Include="Header Files">
      <UniqueIdentifier>{93995380-89BD-4b04-88EB-625FBE52EBFB}</UniqueIdentifier>
      <Extensions>h;hh;hpp;hxx;hm;inl;inc;ipp;xsd</Extensions>
    </Filter>
    <Filter Include="Resource Files">
      <UniqueIdentifier>{67DA6AB6-F800-4c08-8B7A-83BB121AAD01}</UniqueIdentifier>
      <Extensions>rc;ico;cur;bmp;dlg;rc2;rct;bin;rgs;gif;jpg;jpeg;jpe;resx;tiff;tif;png;wav;mfcribbon-ms</Extensions>
    </Filter>
  </ItemGroup>
  <ItemGroup>
    <ClInclude Include="stdafx.h">
      <Filter>Header Files</Filter>
    </ClInclude>
    <ClInclude Include="targetver.h">
      <Filter>Header Files</Filter>
    </ClInclude>
    <ClInclude Include="resource.h">
      <Filter>Header Files</Filter>
    </ClInclude>
    <ClInclude Include="PropsheetExtImpl.h">
      <Filter>Header Files</Filter>
    </ClInclude>
    <ClInclude Include="FindDlg.h">
      <Filter>Header Files</Filter>
    </ClInclude>
    <ClInclude Include="persistMetafile.h">
      <Filter>Header Files</Filter>
    </ClInclude>
    <ClInclude Include="TLSData.h">
      <Filter>Header Files</Filter>
    </ClInclude>
    <ClInclude Include="CRegionOperation.h">
      <Filter>Header Files</Filter>
    </ClInclude>
    <ClInclude Include="BinhexView.h">
      <Filter>Header Files</Filter>
    </ClInclude>
    <ClInclude Include="AnnotationOperation.h">
      <Filter>Header Files</Filter>
    </ClInclude>
    <ClInclude Include="GShapeOperation.h">
      <Filter>Header Files</Filter>
    </ClInclude>
    <ClInclude Include="GripCursor.h">
      <Filter>Header Files</Filter>
    </ClInclude>
    <ClInclude Include="DataRangeDlg.h">
      <Filter>Header Files</Filter>
    </ClInclude>
    <ClInclude Include="BitmapImage.h">
      <Filter>Header Files</Filter>
    </ClInclude>
    <ClInclude Include="KeyboardAccel.h">
      <Filter>Header Files</Filter>
    </ClInclude>
    <ClInclude Include="BinhexMetaView.h">
      <Filter>Header Files</Filter>
    </ClInclude>
    <ClInclude Include="ROFile.h">
      <Filter>Header Files</Filter>
    </ClInclude>
    <ClInclude Include="RWFile.h">
      <Filter>Header Files</Filter>
    </ClInclude>
    <ClInclude Include="CodecImage.h">
      <Filter>Header Files</Filter>
    </ClInclude>
    <ClInclude Include="libver.h">
      <Filter>Header Files</Filter>
    </ClInclude>
    <ClInclude Include="lib.h">
      <Filter>Header Files</Filter>
    </ClInclude>
    <ClInclude Include="FyiDlg.h">
      <Filter>Header Files</Filter>
    </ClInclude>
    <ClInclude Include="ScaledBitmap.h">
      <Filter>Header Files</Filter>
    </ClInclude>
    <ClInclude Include="HexdumpPrintDlg.h">
      <Filter>Header Files</Filter>
    </ClInclude>
    <ClInclude Include="HexdumpPageSetupParams.h">
      <Filter>Header Files</Filter>
    </ClInclude>
    <ClInclude Include="HexdumpPrintJob.h">
      <Filter>Header Files</Filter>
    </ClInclude>
    <ClInclude Include="BinhexDumpWnd.h">
      <Filter>Header Files</Filter>
    </ClInclude>
    <ClInclude Include="..\common\hextabconfig.h">
      <Filter>Header Files</Filter>
    </ClInclude>
    <ClInclude Include="..\common\helper.h">
      <Filter>Header Files</Filter>
    </ClInclude>
    <ClInclude Include="..\common\SimpleDlg.h">
      <Filter>Header Files</Filter>
    </ClInclude>
    <ClInclude Include="..\common\IUnknownImpl.h">
      <Filter>Header Files</Filter>
    </ClInclude>
    <ClInclude Include="AddTagDlg.h">
      <Filter>Header Files</Filter>
    </ClInclude>
    <ClInclude Include="..\common\RegistryHelper.h">
      <Filter>Header Files</Filter>
    </ClInclude>
    <ClInclude Include="ScanTag.h">
      <Filter>Header Files</Filter>
    </ClInclude>
    <ClInclude Include="ScanTagExt.h">
      <Filter>Header Files</Filter>
    </ClInclude>
  </ItemGroup>
  <ItemGroup>
    <ClCompile Include="stdafx.cpp">
      <Filter>Source Files</Filter>
    </ClCompile>
    <ClCompile Include="dllmain.cpp">
      <Filter>Source Files</Filter>
    </ClCompile>
    <ClCompile Include="PropsheetExtImpl.cpp">
      <Filter>Source Files</Filter>
    </ClCompile>
    <ClCompile Include="persistMetafile.cpp">
      <Filter>Source Files</Filter>
    </ClCompile>
    <ClCompile Include="CRegionOperation.cpp">
      <Filter>Source Files</Filter>
    </ClCompile>
    <ClCompile Include="BinhexView.cpp">
      <Filter>Source Files</Filter>
    </ClCompile>
    <ClCompile Include="AnnotationOperation.cpp">
      <Filter>Source Files</Filter>
    </ClCompile>
    <ClCompile Include="GShapeOperation.cpp">
      <Filter>Source Files</Filter>
    </ClCompile>
    <ClCompile Include="GripCursor.cpp">
      <Filter>Source Files</Filter>
    </ClCompile>
    <ClCompile Include="BinhexMetaView.cpp">
      <Filter>Source Files</Filter>
    </ClCompile>
    <ClCompile Include="ROFile.cpp">
      <Filter>Source Files</Filter>
    </ClCompile>
    <ClCompile Include="RWFile.cpp">
      <Filter>Source Files</Filter>
    </ClCompile>
    <ClCompile Include="HexdumpPrintDlg.cpp">
      <Filter>Source Files</Filter>
    </ClCompile>
    <ClCompile Include="HexdumpPrintJob.cpp">
      <Filter>Source Files</Filter>
    </ClCompile>
    <ClCompile Include="BinhexDumpWnd.cpp">
      <Filter>Source Files</Filter>
    </ClCompile>
    <ClCompile Include="AddTagDlg.cpp">
      <Filter>Source Files</Filter>
    </ClCompile>
    <ClCompile Include="..\common\RegistryHelper.cpp">
      <Filter>Source Files</Filter>
    </ClCompile>
    <ClCompile Include="ScanTag.cpp">
      <Filter>Source Files</Filter>
    </ClCompile>
    <ClCompile Include="ScanTagExt.cpp">
      <Filter>Source Files</Filter>
    </ClCompile>
  </ItemGroup>
  <ItemGroup>
    <ResourceCompile Include="lib.rc">
      <Filter>Resource Files</Filter>
    </ResourceCompile>
  </ItemGroup>
  <ItemGroup>
    <None Include="res\lib.rc2">
      <Filter>Resource Files</Filter>
    </None>
    <None Include="lib.def">
      <Filter>Source Files</Filter>
    </None>
  </ItemGroup>
  <ItemGroup>
    <Image Include="res\proppage.ico">
      <Filter>Resource Files</Filter>
    </Image>
  </ItemGroup>
</Project>